
Microsoft Visual Studio Solution File, Format Version 12.00
# Visual Studio Version 17
VisualStudioVersion = 17.5.33414.496
MinimumVisualStudioVersion = 10.0.40219.1
Project("{FAE04EC0-301F-11D3-BF4B-00C04F79EFBC}") = "ProgrammingConstruct", "ProgrammingConstruct.csproj", "{1AA81C15-E06C-4948-90ED-A47F8CA7627B}"
EndProject
Global
	GlobalSection(SolutionConfigurationPlatforms) = preSolution
		Debug|Any CPU = Debug|Any CPU
		Release|Any CPU = Release|Any CPU
	EndGlobalSection
	GlobalSection(ProjectConfigurationPlatforms) = postSolution
		{1AA81C15-E06C-4948-90ED-A47F8CA7627B}.Debug|Any CPU.ActiveCfg = Debug|Any CPU
		{1AA81C15-E06C-4948-90ED-A47F8CA7627B}.Debug|Any CPU.Build.0 = Debug|Any CPU
		{1AA81C15-E06C-4948-90ED-A47F8CA7627B}.Release|Any CPU.ActiveCfg = Release|Any CPU
		{1AA81C15-E06C-4948-90ED-A47F8CA7627B}.Release|Any CPU.Build.0 = Release|Any CPU
	EndGlobalSection
	GlobalSection(SolutionProperties) = preSolution
		HideSolutionNode = FALSE
	EndGlobalSection
	GlobalSection(ExtensibilityGlobals) = postSolution
		SolutionGuid = {D3138051-588A-41DE-BC69-475F5C3801A1}
	EndGlobalSection
EndGlobal
